
Microsoft Visual Studio Solution File, Format Version 12.00
# Visual Studio 15
VisualStudioVersion = 15.0.27428.2043
MinimumVisualStudioVersion = 10.0.40219.1
Project("{9A19103F-16F7-4668-BE54-9A1E7A4F7556}") = "DC.Terminal", "DC.Console\DC.Terminal.csproj", "{14B5336E-FF7A-4D81-A2B7-E570BFDBAED9}"
EndProject
Global
	GlobalSection(SolutionConfigurationPlatforms) = preSolution
		Debug|Any CPU = Debug|Any CPU
		Release|Any CPU = Release|Any CPU
	EndGlobalSection
	GlobalSection(ProjectConfigurationPlatforms) = postSolution
		{14B5336E-FF7A-4D81-A2B7-E570BFDBAED9}.Debug|Any CPU.ActiveCfg = Debug|Any CPU
		{14B5336E-FF7A-4D81-A2B7-E570BFDBAED9}.Debug|Any CPU.Build.0 = Debug|Any CPU
		{14B5336E-FF7A-4D81-A2B7-E570BFDBAED9}.Release|Any CPU.ActiveCfg = Release|Any CPU
		{14B5336E-FF7A-4D81-A2B7-E570BFDBAED9}.Release|Any CPU.Build.0 = Release|Any CPU
	EndGlobalSection
	GlobalSection(SolutionProperties) = preSolution
		HideSolutionNode = FALSE
	EndGlobalSection
	GlobalSection(ExtensibilityGlobals) = postSolution
		SolutionGuid = {68645D86-F76C-446D-91D0-3C0B640568C9}
	EndGlobalSection
EndGlobal
