
Microsoft Visual Studio Solution File, Format Version 12.00
# Visual Studio Version 16
VisualStudioVersion = 16.0.28803.452
MinimumVisualStudioVersion = 10.0.40219.1
Project("{FAE04EC0-301F-11D3-BF4B-00C04F79EFBC}") = "GrpcGreeter.Server", "GrpcGreeter\GrpcGreeter.Server.csproj", "{441B469D-4D2A-4B49-8189-99FF3DE694F0}"
EndProject
Project("{FAE04EC0-301F-11D3-BF4B-00C04F79EFBC}") = "GrpcGreeter.Client", "GrpcGreeter.Client\GrpcGreeter.Client.csproj", "{94961C7E-DA57-4A07-BC57-BD0D8B1379C9}"
EndProject
Global
	GlobalSection(SolutionConfigurationPlatforms) = preSolution
		Debug|Any CPU = Debug|Any CPU
		Release|Any CPU = Release|Any CPU
	EndGlobalSection
	GlobalSection(ProjectConfigurationPlatforms) = postSolution
		{441B469D-4D2A-4B49-8189-99FF3DE694F0}.Debug|Any CPU.ActiveCfg = Debug|Any CPU
		{441B469D-4D2A-4B49-8189-99FF3DE694F0}.Debug|Any CPU.Build.0 = Debug|Any CPU
		{441B469D-4D2A-4B49-8189-99FF3DE694F0}.Release|Any CPU.ActiveCfg = Release|Any CPU
		{441B469D-4D2A-4B49-8189-99FF3DE694F0}.Release|Any CPU.Build.0 = Release|Any CPU
		{94961C7E-DA57-4A07-BC57-BD0D8B1379C9}.Debug|Any CPU.ActiveCfg = Debug|Any CPU
		{94961C7E-DA57-4A07-BC57-BD0D8B1379C9}.Debug|Any CPU.Build.0 = Debug|Any CPU
		{94961C7E-DA57-4A07-BC57-BD0D8B1379C9}.Release|Any CPU.ActiveCfg = Release|Any CPU
		{94961C7E-DA57-4A07-BC57-BD0D8B1379C9}.Release|Any CPU.Build.0 = Release|Any CPU
	EndGlobalSection
	GlobalSection(SolutionProperties) = preSolution
		HideSolutionNode = FALSE
	EndGlobalSection
	GlobalSection(ExtensibilityGlobals) = postSolution
		SolutionGuid = {1A10AE7E-8237-4010-B258-42AA1F36E7DD}
	EndGlobalSection
EndGlobal
