
Microsoft Visual Studio Solution File, Format Version 12.00
# Visual Studio Version 17
VisualStudioVersion = 17.6.33829.357
MinimumVisualStudioVersion = 10.0.40219.1
Project("{9A19103F-16F7-4668-BE54-9A1E7A4F7556}") = "MC.WebAPI", "MC.WebAPI\MC.WebAPI.csproj", "{02F8B09E-E82A-495F-A2D7-2BDB4E0E8C89}"
EndProject
Project("{9A19103F-16F7-4668-BE54-9A1E7A4F7556}") = "MC.Data", "MC.Data\MC.Data.csproj", "{0AC61681-B24F-46E0-8D0E-5B7C4550CB11}"
EndProject
Project("{9A19103F-16F7-4668-BE54-9A1E7A4F7556}") = "MC.ApplicationServices", "MC.ApplicationServices\MC.ApplicationServices.csproj", "{D8377441-601E-473A-BB49-9C68E19D2E30}"
EndProject
Project("{9A19103F-16F7-4668-BE54-9A1E7A4F7556}") = "MC.Repositories", "MC.Repositories\MC.Repositories.csproj", "{4F399712-308B-480C-8340-E709ED15D01D}"
EndProject
Project("{9A19103F-16F7-4668-BE54-9A1E7A4F7556}") = "MC.Website", "MC.Website\MC.Website.csproj", "{D64CAA3A-F89F-4ED1-B8E3-5918CC64F360}"
EndProject
Project("{9A19103F-16F7-4668-BE54-9A1E7A4F7556}") = "MC.Infrastructure", "MC.Infrastructure\MC.Infrastructure.csproj", "{00EC368F-9DE9-46EF-9AD1-F888DCF8FE12}"
EndProject
Project("{9A19103F-16F7-4668-BE54-9A1E7A4F7556}") = "MC.WebWCF", "MC.WebWCF\MC.WebWCF.csproj", "{0088689E-17D5-4164-B285-1BA0014092AE}"
EndProject
Project("{2150E333-8FDC-42A3-9474-1A3956D46DE8}") = "Presentations", "Presentations", "{79E8D761-7373-4A76-9410-3EDA6538B7E9}"
EndProject
Project("{2150E333-8FDC-42A3-9474-1A3956D46DE8}") = "Core", "Core", "{D8F97A4E-3DDD-4F55-ABD4-00D0A24F7E0A}"
EndProject
Global
	GlobalSection(SolutionConfigurationPlatforms) = preSolution
		Debug|Any CPU = Debug|Any CPU
		Release|Any CPU = Release|Any CPU
	EndGlobalSection
	GlobalSection(ProjectConfigurationPlatforms) = postSolution
		{02F8B09E-E82A-495F-A2D7-2BDB4E0E8C89}.Debug|Any CPU.ActiveCfg = Debug|Any CPU
		{02F8B09E-E82A-495F-A2D7-2BDB4E0E8C89}.Debug|Any CPU.Build.0 = Debug|Any CPU
		{02F8B09E-E82A-495F-A2D7-2BDB4E0E8C89}.Release|Any CPU.ActiveCfg = Release|Any CPU
		{02F8B09E-E82A-495F-A2D7-2BDB4E0E8C89}.Release|Any CPU.Build.0 = Release|Any CPU
		{0AC61681-B24F-46E0-8D0E-5B7C4550CB11}.Debug|Any CPU.ActiveCfg = Debug|Any CPU
		{0AC61681-B24F-46E0-8D0E-5B7C4550CB11}.Debug|Any CPU.Build.0 = Debug|Any CPU
		{0AC61681-B24F-46E0-8D0E-5B7C4550CB11}.Release|Any CPU.ActiveCfg = Release|Any CPU
		{0AC61681-B24F-46E0-8D0E-5B7C4550CB11}.Release|Any CPU.Build.0 = Release|Any CPU
		{D8377441-601E-473A-BB49-9C68E19D2E30}.Debug|Any CPU.ActiveCfg = Debug|Any CPU
		{D8377441-601E-473A-BB49-9C68E19D2E30}.Debug|Any CPU.Build.0 = Debug|Any CPU
		{D8377441-601E-473A-BB49-9C68E19D2E30}.Release|Any CPU.ActiveCfg = Release|Any CPU
		{D8377441-601E-473A-BB49-9C68E19D2E30}.Release|Any CPU.Build.0 = Release|Any CPU
		{4F399712-308B-480C-8340-E709ED15D01D}.Debug|Any CPU.ActiveCfg = Debug|Any CPU
		{4F399712-308B-480C-8340-E709ED15D01D}.Debug|Any CPU.Build.0 = Debug|Any CPU
		{4F399712-308B-480C-8340-E709ED15D01D}.Release|Any CPU.ActiveCfg = Release|Any CPU
		{4F399712-308B-480C-8340-E709ED15D01D}.Release|Any CPU.Build.0 = Release|Any CPU
		{D64CAA3A-F89F-4ED1-B8E3-5918CC64F360}.Debug|Any CPU.ActiveCfg = Debug|Any CPU
		{D64CAA3A-F89F-4ED1-B8E3-5918CC64F360}.Debug|Any CPU.Build.0 = Debug|Any CPU
		{D64CAA3A-F89F-4ED1-B8E3-5918CC64F360}.Release|Any CPU.ActiveCfg = Release|Any CPU
		{D64CAA3A-F89F-4ED1-B8E3-5918CC64F360}.Release|Any CPU.Build.0 = Release|Any CPU
		{00EC368F-9DE9-46EF-9AD1-F888DCF8FE12}.Debug|Any CPU.ActiveCfg = Debug|Any CPU
		{00EC368F-9DE9-46EF-9AD1-F888DCF8FE12}.Debug|Any CPU.Build.0 = Debug|Any CPU
		{00EC368F-9DE9-46EF-9AD1-F888DCF8FE12}.Release|Any CPU.ActiveCfg = Release|Any CPU
		{00EC368F-9DE9-46EF-9AD1-F888DCF8FE12}.Release|Any CPU.Build.0 = Release|Any CPU
		{0088689E-17D5-4164-B285-1BA0014092AE}.Debug|Any CPU.ActiveCfg = Debug|Any CPU
		{0088689E-17D5-4164-B285-1BA0014092AE}.Debug|Any CPU.Build.0 = Debug|Any CPU
		{0088689E-17D5-4164-B285-1BA0014092AE}.Release|Any CPU.ActiveCfg = Release|Any CPU
		{0088689E-17D5-4164-B285-1BA0014092AE}.Release|Any CPU.Build.0 = Release|Any CPU
	EndGlobalSection
	GlobalSection(SolutionProperties) = preSolution
		HideSolutionNode = FALSE
	EndGlobalSection
	GlobalSection(NestedProjects) = preSolution
		{02F8B09E-E82A-495F-A2D7-2BDB4E0E8C89} = {79E8D761-7373-4A76-9410-3EDA6538B7E9}
		{0AC61681-B24F-46E0-8D0E-5B7C4550CB11} = {D8F97A4E-3DDD-4F55-ABD4-00D0A24F7E0A}
		{D8377441-601E-473A-BB49-9C68E19D2E30} = {D8F97A4E-3DDD-4F55-ABD4-00D0A24F7E0A}
		{4F399712-308B-480C-8340-E709ED15D01D} = {D8F97A4E-3DDD-4F55-ABD4-00D0A24F7E0A}
		{D64CAA3A-F89F-4ED1-B8E3-5918CC64F360} = {79E8D761-7373-4A76-9410-3EDA6538B7E9}
		{00EC368F-9DE9-46EF-9AD1-F888DCF8FE12} = {D8F97A4E-3DDD-4F55-ABD4-00D0A24F7E0A}
		{0088689E-17D5-4164-B285-1BA0014092AE} = {79E8D761-7373-4A76-9410-3EDA6538B7E9}
	EndGlobalSection
	GlobalSection(ExtensibilityGlobals) = postSolution
		SolutionGuid = {40328680-0AF0-4D09-94F9-CFCE1273A502}
	EndGlobalSection
EndGlobal
