
Microsoft Visual Studio Solution File, Format Version 12.00
# Visual Studio Version 17
VisualStudioVersion = 17.6.33829.357
MinimumVisualStudioVersion = 10.0.40219.1
Project("{FAE04EC0-301F-11D3-BF4B-00C04F79EFBC}") = "MC.WebAPI", "MC.WebAPI\MC.WebAPI.csproj", "{02F8B09E-E82A-495F-A2D7-2BDB4E0E8C89}"
EndProject
Project("{FAE04EC0-301F-11D3-BF4B-00C04F79EFBC}") = "MC.Data", "MC.Data\MC.Data.csproj", "{0AC61681-B24F-46E0-8D0E-5B7C4550CB11}"
EndProject
Global
	GlobalSection(SolutionConfigurationPlatforms) = preSolution
		Debug|Any CPU = Debug|Any CPU
		Release|Any CPU = Release|Any CPU
	EndGlobalSection
	GlobalSection(ProjectConfigurationPlatforms) = postSolution
		{02F8B09E-E82A-495F-A2D7-2BDB4E0E8C89}.Debug|Any CPU.ActiveCfg = Debug|Any CPU
		{02F8B09E-E82A-495F-A2D7-2BDB4E0E8C89}.Debug|Any CPU.Build.0 = Debug|Any CPU
		{02F8B09E-E82A-495F-A2D7-2BDB4E0E8C89}.Release|Any CPU.ActiveCfg = Release|Any CPU
		{02F8B09E-E82A-495F-A2D7-2BDB4E0E8C89}.Release|Any CPU.Build.0 = Release|Any CPU
		{0AC61681-B24F-46E0-8D0E-5B7C4550CB11}.Debug|Any CPU.ActiveCfg = Debug|Any CPU
		{0AC61681-B24F-46E0-8D0E-5B7C4550CB11}.Debug|Any CPU.Build.0 = Debug|Any CPU
		{0AC61681-B24F-46E0-8D0E-5B7C4550CB11}.Release|Any CPU.ActiveCfg = Release|Any CPU
		{0AC61681-B24F-46E0-8D0E-5B7C4550CB11}.Release|Any CPU.Build.0 = Release|Any CPU
	EndGlobalSection
	GlobalSection(SolutionProperties) = preSolution
		HideSolutionNode = FALSE
	EndGlobalSection
	GlobalSection(ExtensibilityGlobals) = postSolution
		SolutionGuid = {40328680-0AF0-4D09-94F9-CFCE1273A502}
	EndGlobalSection
EndGlobal
