
Microsoft Visual Studio Solution File, Format Version 12.00
# Visual Studio Version 16
VisualStudioVersion = 16.0.28922.388
MinimumVisualStudioVersion = 10.0.40219.1
Project("{9A19103F-16F7-4668-BE54-9A1E7A4F7556}") = "ToDoOperations", "ToDoOperations\ToDoOperations.csproj", "{DE336B47-6C60-4D42-AD5B-6414F642391B}"
EndProject
Global
	GlobalSection(SolutionConfigurationPlatforms) = preSolution
		Debug|Any CPU = Debug|Any CPU
		Release|Any CPU = Release|Any CPU
	EndGlobalSection
	GlobalSection(ProjectConfigurationPlatforms) = postSolution
		{DE336B47-6C60-4D42-AD5B-6414F642391B}.Debug|Any CPU.ActiveCfg = Debug|Any CPU
		{DE336B47-6C60-4D42-AD5B-6414F642391B}.Debug|Any CPU.Build.0 = Debug|Any CPU
		{DE336B47-6C60-4D42-AD5B-6414F642391B}.Release|Any CPU.ActiveCfg = Release|Any CPU
		{DE336B47-6C60-4D42-AD5B-6414F642391B}.Release|Any CPU.Build.0 = Release|Any CPU
	EndGlobalSection
	GlobalSection(SolutionProperties) = preSolution
		HideSolutionNode = FALSE
	EndGlobalSection
	GlobalSection(ExtensibilityGlobals) = postSolution
		SolutionGuid = {1F8E52B3-54E6-4211-B137-4BEBF29AFB5C}
	EndGlobalSection
EndGlobal
